
Microsoft Visual Studio Solution File, Format Version 12.00
# Visual Studio 15
VisualStudioVersion = 15.0.28307.329
MinimumVisualStudioVersion = 10.0.40219.1
Project("{FAE04EC0-301F-11D3-BF4B-00C04F79EFBC}") = "Ex8", "Ex8\Ex8.csproj", "{F17F85BD-9156-4766-9471-FBCD09FBED70}"
EndProject
Global
	GlobalSection(SolutionConfigurationPlatforms) = preSolution
		Debug|Any CPU = Debug|Any CPU
		Release|Any CPU = Release|Any CPU
	EndGlobalSection
	GlobalSection(ProjectConfigurationPlatforms) = postSolution
		{F17F85BD-9156-4766-9471-FBCD09FBED70}.Debug|Any CPU.ActiveCfg = Debug|Any CPU
		{F17F85BD-9156-4766-9471-FBCD09FBED70}.Debug|Any CPU.Build.0 = Debug|Any CPU
		{F17F85BD-9156-4766-9471-FBCD09FBED70}.Release|Any CPU.ActiveCfg = Release|Any CPU
		{F17F85BD-9156-4766-9471-FBCD09FBED70}.Release|Any CPU.Build.0 = Release|Any CPU
	EndGlobalSection
	GlobalSection(SolutionProperties) = preSolution
		HideSolutionNode = FALSE
	EndGlobalSection
	GlobalSection(ExtensibilityGlobals) = postSolution
		SolutionGuid = {DA7554C4-C1F1-410F-90DE-60BD3EC33597}
	EndGlobalSection
EndGlobal
