
Microsoft Visual Studio Solution File, Format Version 12.00
# Visual Studio 15
VisualStudioVersion = 15.0.28307.329
MinimumVisualStudioVersion = 10.0.40219.1
Project("{FAE04EC0-301F-11D3-BF4B-00C04F79EFBC}") = "Ex05", "Ex05\Ex05.csproj", "{674AEBAF-42EE-479A-9CD2-B71674E1AD40}"
EndProject
Global
	GlobalSection(SolutionConfigurationPlatforms) = preSolution
		Debug|Any CPU = Debug|Any CPU
		Release|Any CPU = Release|Any CPU
	EndGlobalSection
	GlobalSection(ProjectConfigurationPlatforms) = postSolution
		{674AEBAF-42EE-479A-9CD2-B71674E1AD40}.Debug|Any CPU.ActiveCfg = Debug|Any CPU
		{674AEBAF-42EE-479A-9CD2-B71674E1AD40}.Debug|Any CPU.Build.0 = Debug|Any CPU
		{674AEBAF-42EE-479A-9CD2-B71674E1AD40}.Release|Any CPU.ActiveCfg = Release|Any CPU
		{674AEBAF-42EE-479A-9CD2-B71674E1AD40}.Release|Any CPU.Build.0 = Release|Any CPU
	EndGlobalSection
	GlobalSection(SolutionProperties) = preSolution
		HideSolutionNode = FALSE
	EndGlobalSection
	GlobalSection(ExtensibilityGlobals) = postSolution
		SolutionGuid = {79FD1670-2287-4019-AE1D-A1FA98F1A632}
	EndGlobalSection
EndGlobal
