
Microsoft Visual Studio Solution File, Format Version 12.00
# Visual Studio 15
VisualStudioVersion = 15.0.28307.329
MinimumVisualStudioVersion = 10.0.40219.1
Project("{FAE04EC0-301F-11D3-BF4B-00C04F79EFBC}") = "Ex011", "Ex011\Ex011.csproj", "{F7D6A9B9-760E-49CF-8CEA-0B195A9A0B03}"
EndProject
Global
	GlobalSection(SolutionConfigurationPlatforms) = preSolution
		Debug|Any CPU = Debug|Any CPU
		Release|Any CPU = Release|Any CPU
	EndGlobalSection
	GlobalSection(ProjectConfigurationPlatforms) = postSolution
		{F7D6A9B9-760E-49CF-8CEA-0B195A9A0B03}.Debug|Any CPU.ActiveCfg = Debug|Any CPU
		{F7D6A9B9-760E-49CF-8CEA-0B195A9A0B03}.Debug|Any CPU.Build.0 = Debug|Any CPU
		{F7D6A9B9-760E-49CF-8CEA-0B195A9A0B03}.Release|Any CPU.ActiveCfg = Release|Any CPU
		{F7D6A9B9-760E-49CF-8CEA-0B195A9A0B03}.Release|Any CPU.Build.0 = Release|Any CPU
	EndGlobalSection
	GlobalSection(SolutionProperties) = preSolution
		HideSolutionNode = FALSE
	EndGlobalSection
	GlobalSection(ExtensibilityGlobals) = postSolution
		SolutionGuid = {F5D1DF78-B7E7-43AB-AD82-41605E51C688}
	EndGlobalSection
EndGlobal
