
Microsoft Visual Studio Solution File, Format Version 12.00
# Visual Studio 15
VisualStudioVersion = 15.0.28307.329
MinimumVisualStudioVersion = 10.0.40219.1
Project("{FAE04EC0-301F-11D3-BF4B-00C04F79EFBC}") = "Ex03", "Ex03\Ex03.csproj", "{6453380D-CE3C-418D-A4CE-301201394FB1}"
EndProject
Global
	GlobalSection(SolutionConfigurationPlatforms) = preSolution
		Debug|Any CPU = Debug|Any CPU
		Release|Any CPU = Release|Any CPU
	EndGlobalSection
	GlobalSection(ProjectConfigurationPlatforms) = postSolution
		{6453380D-CE3C-418D-A4CE-301201394FB1}.Debug|Any CPU.ActiveCfg = Debug|Any CPU
		{6453380D-CE3C-418D-A4CE-301201394FB1}.Debug|Any CPU.Build.0 = Debug|Any CPU
		{6453380D-CE3C-418D-A4CE-301201394FB1}.Release|Any CPU.ActiveCfg = Release|Any CPU
		{6453380D-CE3C-418D-A4CE-301201394FB1}.Release|Any CPU.Build.0 = Release|Any CPU
	EndGlobalSection
	GlobalSection(SolutionProperties) = preSolution
		HideSolutionNode = FALSE
	EndGlobalSection
	GlobalSection(ExtensibilityGlobals) = postSolution
		SolutionGuid = {F9ED8414-070E-4DFA-B520-54D3CE3D0496}
	EndGlobalSection
EndGlobal
